{
  "nodes": {
    "docker-utils": {
      "inputs": {
        "nixpkgs": "nixpkgs"
      },
      "locked": {
        "lastModified": 1705782409,
        "narHash": "sha256-RWprcwv0q+u/Hp7CMGj1Qqfq8Qpy0dlxhBoRFvJCtzE=",
        "owner": "collinarnett",
        "repo": "docker-utils",
        "rev": "ec44aa75f57cfbb98f9e5b8d9a053795f123b1a0",
        "type": "github"
      },
      "original": {
        "owner": "collinarnett",
        "repo": "docker-utils",
        "type": "github"
      }
    },
    "flake-compat": {
      "flake": false,
      "locked": {
        "lastModified": 1673956053,
        "narHash": "sha256-4gtG9iQuiKITOjNQQeQIpoIB6b16fm+504Ch3sNKLd8=",
        "owner": "edolstra",
        "repo": "flake-compat",
        "rev": "35bb57c0c8d8b62bbfd284272c928ceb64ddbde9",
        "type": "github"
      },
      "original": {
        "owner": "edolstra",
        "repo": "flake-compat",
        "type": "github"
      }
    },
    "github_meta": {
      "flake": false,
      "locked": {
        "narHash": "sha256-e2mdmkjU+hBbBGkAR6RnBpEwpl5nvdt4c5pzK968MB8=",
        "type": "file",
        "url": "https://api.github.com/meta"
      },
      "original": {
        "type": "file",
        "url": "https://api.github.com/meta"
      }
    },
    "hardware": {
      "locked": {
        "lastModified": 1710123225,
        "narHash": "sha256-j3oWlxRZxB7cFsgEntpH3rosjFHRkAo/dhX9H3OfxtY=",
        "owner": "nixos",
        "repo": "nixos-hardware",
        "rev": "ad2fd7b978d5e462048729a6c635c45d3d33c9ba",
        "type": "github"
      },
      "original": {
        "owner": "nixos",
        "repo": "nixos-hardware",
        "type": "github"
      }
    },
    "home-manager": {
      "inputs": {
        "nixpkgs": [
          "nixpkgs"
        ]
      },
      "locked": {
        "lastModified": 1706981411,
        "narHash": "sha256-cLbLPTL1CDmETVh4p0nQtvoF+FSEjsnJTFpTxhXywhQ=",
        "owner": "nix-community",
        "repo": "home-manager",
        "rev": "652fda4ca6dafeb090943422c34ae9145787af37",
        "type": "github"
      },
      "original": {
        "owner": "nix-community",
        "ref": "release-23.11",
        "repo": "home-manager",
        "type": "github"
      }
    },
    "impermanence": {
      "locked": {
        "lastModified": 1708968331,
        "narHash": "sha256-VUXLaPusCBvwM3zhGbRIJVeYluh2uWuqtj4WirQ1L9Y=",
        "owner": "nix-community",
        "repo": "impermanence",
        "rev": "a33ef102a02ce77d3e39c25197664b7a636f9c30",
        "type": "github"
      },
      "original": {
        "owner": "nix-community",
        "repo": "impermanence",
        "type": "github"
      }
    },
    "kubenix": {
      "inputs": {
        "flake-compat": "flake-compat",
        "nixpkgs": "nixpkgs_2",
        "systems": "systems",
        "treefmt": "treefmt"
      },
      "locked": {
        "lastModified": 1705801181,
        "narHash": "sha256-vH+n5qMnwFCx3LMON2hQMi9PjMpmTraGYXe1czJTfAg=",
        "owner": "hall",
        "repo": "kubenix",
        "rev": "76b8053b27b062b11f0c9b495050cc55606ac9dc",
        "type": "github"
      },
      "original": {
        "owner": "hall",
        "repo": "kubenix",
        "type": "github"
      }
    },
    "nixpkgs": {
      "locked": {
        "lastModified": 1688646010,
        "narHash": "sha256-kCeza5eKI2NEi8k0EoeZfv3lN1r1Vwx+L/VA6I8tmG4=",
        "owner": "nixos",
        "repo": "nixpkgs",
        "rev": "5daaa32204e9c46b05cd709218b7ba733d07e80c",
        "type": "github"
      },
      "original": {
        "owner": "nixos",
        "ref": "nixpkgs-unstable",
        "repo": "nixpkgs",
        "type": "github"
      }
    },
    "nixpkgs-stable": {
      "locked": {
        "lastModified": 1710033658,
        "narHash": "sha256-yiZiVKP5Ya813iYLho2+CcFuuHpaqKc/CoxOlANKcqM=",
        "owner": "NixOS",
        "repo": "nixpkgs",
        "rev": "b17375d3bb7c79ffc52f3538028b2ec06eb79ef8",
        "type": "github"
      },
      "original": {
        "owner": "NixOS",
        "ref": "release-23.11",
        "repo": "nixpkgs",
        "type": "github"
      }
    },
    "nixpkgs-unstable": {
      "locked": {
        "lastModified": 1710272261,
        "narHash": "sha256-g0bDwXFmTE7uGDOs9HcJsfLFhH7fOsASbAuOzDC+fhQ=",
        "owner": "nixos",
        "repo": "nixpkgs",
        "rev": "0ad13a6833440b8e238947e47bea7f11071dc2b2",
        "type": "github"
      },
      "original": {
        "owner": "nixos",
        "ref": "nixos-unstable",
        "repo": "nixpkgs",
        "type": "github"
      }
    },
    "nixpkgs_2": {
      "locked": {
        "lastModified": 1686488075,
        "narHash": "sha256-2otSBt2hbeD+5yY25NF3RhWx7l5SDt1aeU3cJ/9My4M=",
        "owner": "NixOS",
        "repo": "nixpkgs",
        "rev": "9401a0c780b49faf6c28adf55764f230301d0dce",
        "type": "github"
      },
      "original": {
        "owner": "NixOS",
        "ref": "nixpkgs-unstable",
        "repo": "nixpkgs",
        "type": "github"
      }
    },
    "nixpkgs_3": {
      "locked": {
        "lastModified": 1710420202,
        "narHash": "sha256-MvFKESbq4rUWuaf2RKPNYENaSZEw/jaCLo2gU6oREcM=",
        "owner": "nixos",
        "repo": "nixpkgs",
        "rev": "878ef7d9721bee9f81f8a80819f9211ad1f993da",
        "type": "github"
      },
      "original": {
        "owner": "nixos",
        "ref": "nixos-23.11",
        "repo": "nixpkgs",
        "type": "github"
      }
    },
    "nixpkgs_4": {
      "locked": {
        "lastModified": 1709968316,
        "narHash": "sha256-4rZEtEDT6jcgRaqxsatBeds7x1PoEiEjb6QNGb4mNrk=",
        "owner": "NixOS",
        "repo": "nixpkgs",
        "rev": "0e7f98a5f30166cbed344569426850b21e4091d4",
        "type": "github"
      },
      "original": {
        "owner": "NixOS",
        "ref": "nixpkgs-unstable",
        "repo": "nixpkgs",
        "type": "github"
      }
    },
    "root": {
      "inputs": {
        "docker-utils": "docker-utils",
        "github_meta": "github_meta",
        "hardware": "hardware",
        "home-manager": "home-manager",
        "impermanence": "impermanence",
        "kubenix": "kubenix",
        "nixpkgs": "nixpkgs_3",
        "nixpkgs-unstable": "nixpkgs-unstable",
        "sops-nix": "sops-nix"
      }
    },
    "sops-nix": {
      "inputs": {
        "nixpkgs": "nixpkgs_4",
        "nixpkgs-stable": "nixpkgs-stable"
      },
      "locked": {
        "lastModified": 1710433464,
        "narHash": "sha256-IXlPoWgIRovZ32mYvqqdBgOQln71LouE/HBhbKc1wcw=",
        "owner": "Mic92",
        "repo": "sops-nix",
        "rev": "6c32d3b9c7593f4b466ec5404e59fc09a803a090",
        "type": "github"
      },
      "original": {
        "owner": "Mic92",
        "repo": "sops-nix",
        "type": "github"
      }
    },
    "systems": {
      "locked": {
        "lastModified": 1681028828,
        "narHash": "sha256-Vy1rq5AaRuLzOxct8nz4T6wlgyUR7zLU309k9mBC768=",
        "owner": "nix-systems",
        "repo": "default",
        "rev": "da67096a3b9bf56a91d16901293e51ba5b49a27e",
        "type": "github"
      },
      "original": {
        "id": "systems",
        "type": "indirect"
      }
    },
    "treefmt": {
      "inputs": {
        "nixpkgs": [
          "kubenix",
          "nixpkgs"
        ]
      },
      "locked": {
        "lastModified": 1688026376,
        "narHash": "sha256-qJmkr9BWDpqblk4E9/rCsAEl39y2n4Ycw6KRopvpUcY=",
        "owner": "numtide",
        "repo": "treefmt-nix",
        "rev": "df3f32b0cc253dfc7009b7317e8f0e7ccd70b1cf",
        "type": "github"
      },
      "original": {
        "owner": "numtide",
        "repo": "treefmt-nix",
        "type": "github"
      }
    }
  },
  "root": "root",
  "version": 7
}
